// !$*UTF8*$!
{
	archiveVersion = 1;
	classes = {
	};
	objectVersion = 46;
	objects = {

/* Begin PBXBuildFile section */
		ED6C0B581B29DC180091A262 /* main.m in Sources */ = {isa = PBXBuildFile; fileRef = ED6C0B571B29DC180091A262 /* main.m */; };
		ED6C0B5B1B29DC180091A262 /* AppDelegate.m in Sources */ = {isa = PBXBuildFile; fileRef = ED6C0B5A1B29DC180091A262 /* AppDelegate.m */; };
		ED6C0B5E1B29DC180091A262 /* ViewController.m in Sources */ = {isa = PBXBuildFile; fileRef = ED6C0B5D1B29DC180091A262 /* ViewController.m */; };
		ED6C0B611B29DC180091A262 /* Main.storyboard in Resources */ = {isa = PBXBuildFile; fileRef = ED6C0B5F1B29DC180091A262 /* Main.storyboard */; };
		ED6C0B631B29DC180091A262 /* Images.xcassets in Resources */ = {isa = PBXBuildFile; fileRef = ED6C0B621B29DC180091A262 /* Images.xcassets */; };
		ED6C0B661B29DC180091A262 /* LaunchScreen.xib in Resources */ = {isa = PBXBuildFile; fileRef = ED6C0B641B29DC180091A262 /* LaunchScreen.xib */; };
		ED6C0B721B29DC180091A262 /* AGTMoneyTests.m in Sources */ = {isa = PBXBuildFile; fileRef = ED6C0B711B29DC180091A262 /* AGTMoneyTests.m */; };
		ED6C0B7C1B29DE9F0091A262 /* AGTEuroTest.m in Sources */ = {isa = PBXBuildFile; fileRef = ED6C0B7B1B29DE9F0091A262 /* AGTEuroTest.m */; };
		ED6C0B821B29F2840091A262 /* AGTDollarTest.m in Sources */ = {isa = PBXBuildFile; fileRef = ED6C0B811B29F2840091A262 /* AGTDollarTest.m */; };
		ED6C0B8B1B29F40F0091A262 /* AGTDollar.m in Sources */ = {isa = PBXBuildFile; fileRef = ED6C0B881B29F40F0091A262 /* AGTDollar.m */; };
		ED6C0B8C1B29F40F0091A262 /* AGTEuro.m in Sources */ = {isa = PBXBuildFile; fileRef = ED6C0B8A1B29F40F0091A262 /* AGTEuro.m */; };
		ED6C0B8E1B29F6D40091A262 /* AGTEuroTest.m in Sources */ = {isa = PBXBuildFile; fileRef = ED6C0B8D1B29F6D40091A262 /* AGTEuroTest.m */; };
		ED6C0B931B29F7300091A262 /* AGTMoney.m in Sources */ = {isa = PBXBuildFile; fileRef = ED6C0B921B29F7300091A262 /* AGTMoney.m */; };
/* End PBXBuildFile section */

/* Begin PBXContainerItemProxy section */
		ED6C0B6C1B29DC180091A262 /* PBXContainerItemProxy */ = {
			isa = PBXContainerItemProxy;
			containerPortal = ED6C0B4A1B29DC180091A262 /* Project object */;
			proxyType = 1;
			remoteGlobalIDString = ED6C0B511B29DC180091A262;
			remoteInfo = AGTMoney;
		};
/* End PBXContainerItemProxy section */

/* Begin PBXFileReference section */
		ED6C0B521B29DC180091A262 /* AGTMoney.app */ = {isa = PBXFileReference; explicitFileType = wrapper.application; includeInIndex = 0; path = AGTMoney.app; sourceTree = BUILT_PRODUCTS_DIR; };
		ED6C0B561B29DC180091A262 /* Info.plist */ = {isa = PBXFileReference; lastKnownFileType = text.plist.xml; path = Info.plist; sourceTree = "<group>"; };
		ED6C0B571B29DC180091A262 /* main.m */ = {isa = PBXFileReference; lastKnownFileType = sourcecode.c.objc; path = main.m; sourceTree = "<group>"; };
		ED6C0B591B29DC180091A262 /* AppDelegate.h */ = {isa = PBXFileReference; lastKnownFileType = sourcecode.c.h; path = AppDelegate.h; sourceTree = "<group>"; };
		ED6C0B5A1B29DC180091A262 /* AppDelegate.m */ = {isa = PBXFileReference; lastKnownFileType = sourcecode.c.objc; path = AppDelegate.m; sourceTree = "<group>"; };
		ED6C0B5C1B29DC180091A262 /* ViewController.h */ = {isa = PBXFileReference; lastKnownFileType = sourcecode.c.h; path = ViewController.h; sourceTree = "<group>"; };
		ED6C0B5D1B29DC180091A262 /* ViewController.m */ = {isa = PBXFileReference; lastKnownFileType = sourcecode.c.objc; path = ViewController.m; sourceTree = "<group>"; };
		ED6C0B601B29DC180091A262 /* Base */ = {isa = PBXFileReference; lastKnownFileType = file.storyboard; name = Base; path = Base.lproj/Main.storyboard; sourceTree = "<group>"; };
		ED6C0B621B29DC180091A262 /* Images.xcassets */ = {isa = PBXFileReference; lastKnownFileType = folder.assetcatalog; path = Images.xcassets; sourceTree = "<group>"; };
		ED6C0B651B29DC180091A262 /* Base */ = {isa = PBXFileReference; lastKnownFileType = file.xib; name = Base; path = Base.lproj/LaunchScreen.xib; sourceTree = "<group>"; };
		ED6C0B6B1B29DC180091A262 /* AGTMoneyTests.xctest */ = {isa = PBXFileReference; explicitFileType = wrapper.cfbundle; includeInIndex = 0; path = AGTMoneyTests.xctest; sourceTree = BUILT_PRODUCTS_DIR; };
		ED6C0B701B29DC180091A262 /* Info.plist */ = {isa = PBXFileReference; lastKnownFileType = text.plist.xml; path = Info.plist; sourceTree = "<group>"; };
		ED6C0B711B29DC180091A262 /* AGTMoneyTests.m */ = {isa = PBXFileReference; lastKnownFileType = sourcecode.c.objc; path = AGTMoneyTests.m; sourceTree = "<group>"; };
		ED6C0B7B1B29DE9F0091A262 /* AGTEuroTest.m */ = {isa = PBXFileReference; fileEncoding = 4; lastKnownFileType = sourcecode.c.objc; path = AGTEuroTest.m; sourceTree = "<group>"; };
		ED6C0B811B29F2840091A262 /* AGTDollarTest.m */ = {isa = PBXFileReference; fileEncoding = 4; lastKnownFileType = sourcecode.c.objc; path = AGTDollarTest.m; sourceTree = "<group>"; };
		ED6C0B871B29F40F0091A262 /* AGTDollar.h */ = {isa = PBXFileReference; fileEncoding = 4; lastKnownFileType = sourcecode.c.h; name = AGTDollar.h; path = Models/AGTDollar.h; sourceTree = "<group>"; };
		ED6C0B881B29F40F0091A262 /* AGTDollar.m */ = {isa = PBXFileReference; fileEncoding = 4; lastKnownFileType = sourcecode.c.objc; name = AGTDollar.m; path = Models/AGTDollar.m; sourceTree = "<group>"; };
		ED6C0B891B29F40F0091A262 /* AGTEuro.h */ = {isa = PBXFileReference; fileEncoding = 4; lastKnownFileType = sourcecode.c.h; name = AGTEuro.h; path = Models/AGTEuro.h; sourceTree = "<group>"; };
		ED6C0B8A1B29F40F0091A262 /* AGTEuro.m */ = {isa = PBXFileReference; fileEncoding = 4; lastKnownFileType = sourcecode.c.objc; name = AGTEuro.m; path = Models/AGTEuro.m; sourceTree = "<group>"; };
		ED6C0B8D1B29F6D40091A262 /* AGTEuroTest.m */ = {isa = PBXFileReference; fileEncoding = 4; lastKnownFileType = sourcecode.c.objc; path = AGTEuroTest.m; sourceTree = "<group>"; };
		ED6C0B911B29F7300091A262 /* AGTMoney.h */ = {isa = PBXFileReference; fileEncoding = 4; lastKnownFileType = sourcecode.c.h; name = AGTMoney.h; path = Models/AGTMoney.h; sourceTree = "<group>"; };
		ED6C0B921B29F7300091A262 /* AGTMoney.m */ = {isa = PBXFileReference; fileEncoding = 4; lastKnownFileType = sourcecode.c.objc; name = AGTMoney.m; path = Models/AGTMoney.m; sourceTree = "<group>"; };
		ED6C0B941B29FA060091A262 /* Subclassing.h */ = {isa = PBXFileReference; fileEncoding = 4; lastKnownFileType = sourcecode.c.h; path = Subclassing.h; sourceTree = "<group>"; };
/* End PBXFileReference section */

/* Begin PBXFrameworksBuildPhase section */
		ED6C0B4F1B29DC180091A262 /* Frameworks */ = {
			isa = PBXFrameworksBuildPhase;
			buildActionMask = 2147483647;
			files = (
			);
			runOnlyForDeploymentPostprocessing = 0;
		};
		ED6C0B681B29DC180091A262 /* Frameworks */ = {
			isa = PBXFrameworksBuildPhase;
			buildActionMask = 2147483647;
			files = (
			);
			runOnlyForDeploymentPostprocessing = 0;
		};
/* End PBXFrameworksBuildPhase section */

/* Begin PBXGroup section */
		ED6C0B491B29DC180091A262 = {
			isa = PBXGroup;
			children = (
				ED6C0B7B1B29DE9F0091A262 /* AGTEuroTest.m */,
				ED6C0B541B29DC180091A262 /* AGTMoney */,
				ED6C0B6E1B29DC180091A262 /* AGTMoneyTests */,
				ED6C0B531B29DC180091A262 /* Products */,
			);
			sourceTree = "<group>";
		};
		ED6C0B531B29DC180091A262 /* Products */ = {
			isa = PBXGroup;
			children = (
				ED6C0B521B29DC180091A262 /* AGTMoney.app */,
				ED6C0B6B1B29DC180091A262 /* AGTMoneyTests.xctest */,
			);
			name = Products;
			sourceTree = "<group>";
		};
		ED6C0B541B29DC180091A262 /* AGTMoney */ = {
			isa = PBXGroup;
			children = (
				ED6C0B861B29F3E60091A262 /* Models */,
				ED6C0B591B29DC180091A262 /* AppDelegate.h */,
				ED6C0B5A1B29DC180091A262 /* AppDelegate.m */,
				ED6C0B5C1B29DC180091A262 /* ViewController.h */,
				ED6C0B5D1B29DC180091A262 /* ViewController.m */,
				ED6C0B5F1B29DC180091A262 /* Main.storyboard */,
				ED6C0B621B29DC180091A262 /* Images.xcassets */,
				ED6C0B641B29DC180091A262 /* LaunchScreen.xib */,
				ED6C0B551B29DC180091A262 /* Supporting Files */,
				ED6C0B941B29FA060091A262 /* Subclassing.h */,
			);
			path = AGTMoney;
			sourceTree = "<group>";
		};
		ED6C0B551B29DC180091A262 /* Supporting Files */ = {
			isa = PBXGroup;
			children = (
				ED6C0B561B29DC180091A262 /* Info.plist */,
				ED6C0B571B29DC180091A262 /* main.m */,
			);
			name = "Supporting Files";
			sourceTree = "<group>";
		};
		ED6C0B6E1B29DC180091A262 /* AGTMoneyTests */ = {
			isa = PBXGroup;
			children = (
				ED6C0B711B29DC180091A262 /* AGTMoneyTests.m */,
				ED6C0B6F1B29DC180091A262 /* Supporting Files */,
				ED6C0B811B29F2840091A262 /* AGTDollarTest.m */,
				ED6C0B8D1B29F6D40091A262 /* AGTEuroTest.m */,
			);
			path = AGTMoneyTests;
			sourceTree = "<group>";
		};
		ED6C0B6F1B29DC180091A262 /* Supporting Files */ = {
			isa = PBXGroup;
			children = (
				ED6C0B701B29DC180091A262 /* Info.plist */,
			);
			name = "Supporting Files";
			sourceTree = "<group>";
		};
		ED6C0B861B29F3E60091A262 /* Models */ = {
			isa = PBXGroup;
			children = (
				ED6C0B911B29F7300091A262 /* AGTMoney.h */,
				ED6C0B921B29F7300091A262 /* AGTMoney.m */,
				ED6C0B871B29F40F0091A262 /* AGTDollar.h */,
				ED6C0B881B29F40F0091A262 /* AGTDollar.m */,
				ED6C0B891B29F40F0091A262 /* AGTEuro.h */,
				ED6C0B8A1B29F40F0091A262 /* AGTEuro.m */,
			);
			name = Models;
			sourceTree = "<group>";
		};
/* End PBXGroup section */

/* Begin PBXNativeTarget section */
		ED6C0B511B29DC180091A262 /* AGTMoney */ = {
			isa = PBXNativeTarget;
			buildConfigurationList = ED6C0B751B29DC180091A262 /* Build configuration list for PBXNativeTarget "AGTMoney" */;
			buildPhases = (
				ED6C0B4E1B29DC180091A262 /* Sources */,
				ED6C0B4F1B29DC180091A262 /* Frameworks */,
				ED6C0B501B29DC180091A262 /* Resources */,
			);
			buildRules = (
			);
			dependencies = (
			);
			name = AGTMoney;
			productName = AGTMoney;
			productReference = ED6C0B521B29DC180091A262 /* AGTMoney.app */;
			productType = "com.apple.product-type.application";
		};
		ED6C0B6A1B29DC180091A262 /* AGTMoneyTests */ = {
			isa = PBXNativeTarget;
			buildConfigurationList = ED6C0B781B29DC180091A262 /* Build configuration list for PBXNativeTarget "AGTMoneyTests" */;
			buildPhases = (
				ED6C0B671B29DC180091A262 /* Sources */,
				ED6C0B681B29DC180091A262 /* Frameworks */,
				ED6C0B691B29DC180091A262 /* Resources */,
			);
			buildRules = (
			);
			dependencies = (
				ED6C0B6D1B29DC180091A262 /* PBXTargetDependency */,
			);
			name = AGTMoneyTests;
			productName = AGTMoneyTests;
			productReference = ED6C0B6B1B29DC180091A262 /* AGTMoneyTests.xctest */;
			productType = "com.apple.product-type.bundle.unit-test";
		};
/* End PBXNativeTarget section */

/* Begin PBXProject section */
		ED6C0B4A1B29DC180091A262 /* Project object */ = {
			isa = PBXProject;
			attributes = {
				LastUpgradeCheck = 0600;
				ORGANIZATIONNAME = koombea;
				TargetAttributes = {
					ED6C0B511B29DC180091A262 = {
						CreatedOnToolsVersion = 6.0;
					};
					ED6C0B6A1B29DC180091A262 = {
						CreatedOnToolsVersion = 6.0;
						TestTargetID = ED6C0B511B29DC180091A262;
					};
				};
			};
			buildConfigurationList = ED6C0B4D1B29DC180091A262 /* Build configuration list for PBXProject "AGTMoney" */;
			compatibilityVersion = "Xcode 3.2";
			developmentRegion = English;
			hasScannedForEncodings = 0;
			knownRegions = (
				en,
				Base,
			);
			mainGroup = ED6C0B491B29DC180091A262;
			productRefGroup = ED6C0B531B29DC180091A262 /* Products */;
			projectDirPath = "";
			projectRoot = "";
			targets = (
				ED6C0B511B29DC180091A262 /* AGTMoney */,
				ED6C0B6A1B29DC180091A262 /* AGTMoneyTests */,
			);
		};
/* End PBXProject section */

/* Begin PBXResourcesBuildPhase section */
		ED6C0B501B29DC180091A262 /* Resources */ = {
			isa = PBXResourcesBuildPhase;
			buildActionMask = 2147483647;
			files = (
				ED6C0B611B29DC180091A262 /* Main.storyboard in Resources */,
				ED6C0B661B29DC180091A262 /* LaunchScreen.xib in Resources */,
				ED6C0B631B29DC180091A262 /* Images.xcassets in Resources */,
			);
			runOnlyForDeploymentPostprocessing = 0;
		};
		ED6C0B691B29DC180091A262 /* Resources */ = {
			isa = PBXResourcesBuildPhase;
			buildActionMask = 2147483647;
			files = (
			);
			runOnlyForDeploymentPostprocessing = 0;
		};
/* End PBXResourcesBuildPhase section */

/* Begin PBXSourcesBuildPhase section */
		ED6C0B4E1B29DC180091A262 /* Sources */ = {
			isa = PBXSourcesBuildPhase;
			buildActionMask = 2147483647;
			files = (
				ED6C0B8C1B29F40F0091A262 /* AGTEuro.m in Sources */,
				ED6C0B8B1B29F40F0091A262 /* AGTDollar.m in Sources */,
				ED6C0B5E1B29DC180091A262 /* ViewController.m in Sources */,
				ED6C0B931B29F7300091A262 /* AGTMoney.m in Sources */,
				ED6C0B5B1B29DC180091A262 /* AppDelegate.m in Sources */,
				ED6C0B581B29DC180091A262 /* main.m in Sources */,
			);
			runOnlyForDeploymentPostprocessing = 0;
		};
		ED6C0B671B29DC180091A262 /* Sources */ = {
			isa = PBXSourcesBuildPhase;
			buildActionMask = 2147483647;
			files = (
				ED6C0B821B29F2840091A262 /* AGTDollarTest.m in Sources */,
				ED6C0B721B29DC180091A262 /* AGTMoneyTests.m in Sources */,
				ED6C0B7C1B29DE9F0091A262 /* AGTEuroTest.m in Sources */,
				ED6C0B8E1B29F6D40091A262 /* AGTEuroTest.m in Sources */,
			);
			runOnlyForDeploymentPostprocessing = 0;
		};
/* End PBXSourcesBuildPhase section */

/* Begin PBXTargetDependency section */
		ED6C0B6D1B29DC180091A262 /* PBXTargetDependency */ = {
			isa = PBXTargetDependency;
			target = ED6C0B511B29DC180091A262 /* AGTMoney */;
			targetProxy = ED6C0B6C1B29DC180091A262 /* PBXContainerItemProxy */;
		};
/* End PBXTargetDependency section */

/* Begin PBXVariantGroup section */
		ED6C0B5F1B29DC180091A262 /* Main.storyboard */ = {
			isa = PBXVariantGroup;
			children = (
				ED6C0B601B29DC180091A262 /* Base */,
			);
			name = Main.storyboard;
			sourceTree = "<group>";
		};
		ED6C0B641B29DC180091A262 /* LaunchScreen.xib */ = {
			isa = PBXVariantGroup;
			children = (
				ED6C0B651B29DC180091A262 /* Base */,
			);
			name = LaunchScreen.xib;
			sourceTree = "<group>";
		};
/* End PBXVariantGroup section */

/* Begin XCBuildConfiguration section */
		ED6C0B731B29DC180091A262 /* Debug */ = {
			isa = XCBuildConfiguration;
			buildSettings = {
				ALWAYS_SEARCH_USER_PATHS = NO;
				CLANG_CXX_LANGUAGE_STANDARD = "gnu++0x";
				CLANG_CXX_LIBRARY = "libc++";
				CLANG_ENABLE_MODULES = YES;
				CLANG_ENABLE_OBJC_ARC = YES;
				CLANG_WARN_BOOL_CONVERSION = YES;
				CLANG_WARN_CONSTANT_CONVERSION = YES;
				CLANG_WARN_DIRECT_OBJC_ISA_USAGE = YES_ERROR;
				CLANG_WARN_EMPTY_BODY = YES;
				CLANG_WARN_ENUM_CONVERSION = YES;
				CLANG_WARN_INT_CONVERSION = YES;
				CLANG_WARN_OBJC_ROOT_CLASS = YES_ERROR;
				CLANG_WARN_UNREACHABLE_CODE = YES;
				CLANG_WARN__DUPLICATE_METHOD_MATCH = YES;
				"CODE_SIGN_IDENTITY[sdk=iphoneos*]" = "iPhone Developer";
				COPY_PHASE_STRIP = NO;
				ENABLE_STRICT_OBJC_MSGSEND = YES;
				GCC_C_LANGUAGE_STANDARD = gnu99;
				GCC_DYNAMIC_NO_PIC = NO;
				GCC_OPTIMIZATION_LEVEL = 0;
				GCC_PREPROCESSOR_DEFINITIONS = (
					"DEBUG=1",
					"$(inherited)",
				);
				GCC_SYMBOLS_PRIVATE_EXTERN = NO;
				GCC_WARN_64_TO_32_BIT_CONVERSION = YES;
				GCC_WARN_ABOUT_RETURN_TYPE = YES_ERROR;
				GCC_WARN_UNDECLARED_SELECTOR = YES;
				GCC_WARN_UNINITIALIZED_AUTOS = YES_AGGRESSIVE;
				GCC_WARN_UNUSED_FUNCTION = YES;
				GCC_WARN_UNUSED_VARIABLE = YES;
				IPHONEOS_DEPLOYMENT_TARGET = 8.0;
				MTL_ENABLE_DEBUG_INFO = YES;
				ONLY_ACTIVE_ARCH = YES;
				SDKROOT = iphoneos;
				TARGETED_DEVICE_FAMILY = "1,2";
			};
			name = Debug;
		};
		ED6C0B741B29DC180091A262 /* Release */ = {
			isa = XCBuildConfiguration;
			buildSettings = {
				ALWAYS_SEARCH_USER_PATHS = NO;
				CLANG_CXX_LANGUAGE_STANDARD = "gnu++0x";
				CLANG_CXX_LIBRARY = "libc++";
				CLANG_ENABLE_MODULES = YES;
				CLANG_ENABLE_OBJC_ARC = YES;
				CLANG_WARN_BOOL_CONVERSION = YES;
				CLANG_WARN_CONSTANT_CONVERSION = YES;
				CLANG_WARN_DIRECT_OBJC_ISA_USAGE = YES_ERROR;
				CLANG_WARN_EMPTY_BODY = YES;
				CLANG_WARN_ENUM_CONVERSION = YES;
				CLANG_WARN_INT_CONVERSION = YES;
				CLANG_WARN_OBJC_ROOT_CLASS = YES_ERROR;
				CLANG_WARN_UNREACHABLE_CODE = YES;
				CLANG_WARN__DUPLICATE_METHOD_MATCH = YES;
				"CODE_SIGN_IDENTITY[sdk=iphoneos*]" = "iPhone Developer";
				COPY_PHASE_STRIP = YES;
				ENABLE_NS_ASSERTIONS = NO;
				ENABLE_STRICT_OBJC_MSGSEND = YES;
				GCC_C_LANGUAGE_STANDARD = gnu99;
				GCC_WARN_64_TO_32_BIT_CONVERSION = YES;
				GCC_WARN_ABOUT_RETURN_TYPE = YES_ERROR;
				GCC_WARN_UNDECLARED_SELECTOR = YES;
				GCC_WARN_UNINITIALIZED_AUTOS = YES_AGGRESSIVE;
				GCC_WARN_UNUSED_FUNCTION = YES;
				GCC_WARN_UNUSED_VARIABLE = YES;
				IPHONEOS_DEPLOYMENT_TARGET = 8.0;
				MTL_ENABLE_DEBUG_INFO = NO;
				SDKROOT = iphoneos;
				TARGETED_DEVICE_FAMILY = "1,2";
				VALIDATE_PRODUCT = YES;
			};
			name = Release;
		};
		ED6C0B761B29DC180091A262 /* Debug */ = {
			isa = XCBuildConfiguration;
			buildSettings = {
				ASSETCATALOG_COMPILER_APPICON_NAME = AppIcon;
				INFOPLIST_FILE = AGTMoney/Info.plist;
				LD_RUNPATH_SEARCH_PATHS = "$(inherited) @executable_path/Frameworks";
				PRODUCT_NAME = "$(TARGET_NAME)";
			};
			name = Debug;
		};
		ED6C0B771B29DC180091A262 /* Release */ = {
			isa = XCBuildConfiguration;
			buildSettings = {
				ASSETCATALOG_COMPILER_APPICON_NAME = AppIcon;
				INFOPLIST_FILE = AGTMoney/Info.plist;
				LD_RUNPATH_SEARCH_PATHS = "$(inherited) @executable_path/Frameworks";
				PRODUCT_NAME = "$(TARGET_NAME)";
			};
			name = Release;
		};
		ED6C0B791B29DC180091A262 /* Debug */ = {
			isa = XCBuildConfiguration;
			buildSettings = {
				BUNDLE_LOADER = "$(TEST_HOST)";
				FRAMEWORK_SEARCH_PATHS = (
					"$(SDKROOT)/Developer/Library/Frameworks",
					"$(inherited)",
				);
				GCC_PREPROCESSOR_DEFINITIONS = (
					"DEBUG=1",
					"$(inherited)",
				);
				INFOPLIST_FILE = AGTMoneyTests/Info.plist;
				LD_RUNPATH_SEARCH_PATHS = "$(inherited) @executable_path/Frameworks @loader_path/Frameworks";
				PRODUCT_NAME = "$(TARGET_NAME)";
				TEST_HOST = "$(BUILT_PRODUCTS_DIR)/AGTMoney.app/AGTMoney";
			};
			name = Debug;
		};
		ED6C0B7A1B29DC180091A262 /* Release */ = {
			isa = XCBuildConfiguration;
			buildSettings = {
				BUNDLE_LOADER = "$(TEST_HOST)";
				FRAMEWORK_SEARCH_PATHS = (
					"$(SDKROOT)/Developer/Library/Frameworks",
					"$(inherited)",
				);
				INFOPLIST_FILE = AGTMoneyTests/Info.plist;
				LD_RUNPATH_SEARCH_PATHS = "$(inherited) @executable_path/Frameworks @loader_path/Frameworks";
				PRODUCT_NAME = "$(TARGET_NAME)";
				TEST_HOST = "$(BUILT_PRODUCTS_DIR)/AGTMoney.app/AGTMoney";
			};
			name = Release;
		};
/* End XCBuildConfiguration section */

/* Begin XCConfigurationList section */
		ED6C0B4D1B29DC180091A262 /* Build configuration list for PBXProject "AGTMoney" */ = {
			isa = XCConfigurationList;
			buildConfigurations = (
				ED6C0B731B29DC180091A262 /* Debug */,
				ED6C0B741B29DC180091A262 /* Release */,
			);
			defaultConfigurationIsVisible = 0;
			defaultConfigurationName = Release;
		};
		ED6C0B751B29DC180091A262 /* Build configuration list for PBXNativeTarget "AGTMoney" */ = {
			isa = XCConfigurationList;
			buildConfigurations = (
				ED6C0B761B29DC180091A262 /* Debug */,
				ED6C0B771B29DC180091A262 /* Release */,
			);
			defaultConfigurationIsVisible = 0;
			defaultConfigurationName = Release;
		};
		ED6C0B781B29DC180091A262 /* Build configuration list for PBXNativeTarget "AGTMoneyTests" */ = {
			isa = XCConfigurationList;
			buildConfigurations = (
				ED6C0B791B29DC180091A262 /* Debug */,
				ED6C0B7A1B29DC180091A262 /* Release */,
			);
			defaultConfigurationIsVisible = 0;
			defaultConfigurationName = Release;
		};
/* End XCConfigurationList section */
	};
	rootObject = ED6C0B4A1B29DC180091A262 /* Project object */;
}
